// !$*UTF8*$!
{
	archiveVersion = 1;
	classes = {
	};
	objectVersion = 46;
	objects = {

/* Begin PBXBuildFile section */
		D366D5021E2CD7670016DBBB /* AppDelegate.swift in Sources */ = {isa = PBXBuildFile; fileRef = D366D5011E2CD7670016DBBB /* AppDelegate.swift */; };
		D366D5041E2CD7670016DBBB /* HomeViewController.swift in Sources */ = {isa = PBXBuildFile; fileRef = D366D5031E2CD7670016DBBB /* HomeViewController.swift */; };
		D366D5071E2CD7670016DBBB /* Main.storyboard in Resources */ = {isa = PBXBuildFile; fileRef = D366D5051E2CD7670016DBBB /* Main.storyboard */; };
		D366D5091E2CD7670016DBBB /* Assets.xcassets in Resources */ = {isa = PBXBuildFile; fileRef = D366D5081E2CD7670016DBBB /* Assets.xcassets */; };
		D366D50C1E2CD7670016DBBB /* LaunchScreen.storyboard in Resources */ = {isa = PBXBuildFile; fileRef = D366D50A1E2CD7670016DBBB /* LaunchScreen.storyboard */; };
		D366D5141E2E68C60016DBBB /* Utility.swift in Sources */ = {isa = PBXBuildFile; fileRef = D366D5131E2E68C60016DBBB /* Utility.swift */; };
		D366D5161E2E75760016DBBB /* VideoCell.swift in Sources */ = {isa = PBXBuildFile; fileRef = D366D5151E2E75760016DBBB /* VideoCell.swift */; };
		D366D51C1E2F6D520016DBBB /* MenuBar.swift in Sources */ = {isa = PBXBuildFile; fileRef = D366D51B1E2F6D510016DBBB /* MenuBar.swift */; };
		D366D51E1E2F78870016DBBB /* MenuBarCell.swift in Sources */ = {isa = PBXBuildFile; fileRef = D366D51D1E2F78870016DBBB /* MenuBarCell.swift */; };
		D366D5201E2F7F180016DBBB /* BaseCell.swift in Sources */ = {isa = PBXBuildFile; fileRef = D366D51F1E2F7F180016DBBB /* BaseCell.swift */; };
		D366D52C1E365C840016DBBB /* VideoStateControllerViewController.swift in Sources */ = {isa = PBXBuildFile; fileRef = D366D52B1E365C840016DBBB /* VideoStateControllerViewController.swift */; };
		D366D52E1E365D620016DBBB /* Video.swift in Sources */ = {isa = PBXBuildFile; fileRef = D366D52D1E365D620016DBBB /* Video.swift */; };
/* End PBXBuildFile section */

/* Begin PBXFileReference section */
		D366D4FE1E2CD7670016DBBB /* Youtube.app */ = {isa = PBXFileReference; explicitFileType = wrapper.application; includeInIndex = 0; path = Youtube.app; sourceTree = BUILT_PRODUCTS_DIR; };
		D366D5011E2CD7670016DBBB /* AppDelegate.swift */ = {isa = PBXFileReference; lastKnownFileType = sourcecode.swift; path = AppDelegate.swift; sourceTree = "<group>"; };
		D366D5031E2CD7670016DBBB /* HomeViewController.swift */ = {isa = PBXFileReference; lastKnownFileType = sourcecode.swift; path = HomeViewController.swift; sourceTree = "<group>"; };
		D366D5061E2CD7670016DBBB /* Base */ = {isa = PBXFileReference; lastKnownFileType = file.storyboard; name = Base; path = Base.lproj/Main.storyboard; sourceTree = "<group>"; };
		D366D5081E2CD7670016DBBB /* Assets.xcassets */ = {isa = PBXFileReference; lastKnownFileType = folder.assetcatalog; path = Assets.xcassets; sourceTree = "<group>"; };
		D366D50B1E2CD7670016DBBB /* Base */ = {isa = PBXFileReference; lastKnownFileType = file.storyboard; name = Base; path = Base.lproj/LaunchScreen.storyboard; sourceTree = "<group>"; };
		D366D50D1E2CD7670016DBBB /* Info.plist */ = {isa = PBXFileReference; lastKnownFileType = text.plist.xml; path = Info.plist; sourceTree = "<group>"; };
		D366D5131E2E68C60016DBBB /* Utility.swift */ = {isa = PBXFileReference; fileEncoding = 4; lastKnownFileType = sourcecode.swift; path = Utility.swift; sourceTree = "<group>"; };
		D366D5151E2E75760016DBBB /* VideoCell.swift */ = {isa = PBXFileReference; fileEncoding = 4; lastKnownFileType = sourcecode.swift; path = VideoCell.swift; sourceTree = "<group>"; };
		D366D51B1E2F6D510016DBBB /* MenuBar.swift */ = {isa = PBXFileReference; fileEncoding = 4; lastKnownFileType = sourcecode.swift; path = MenuBar.swift; sourceTree = "<group>"; };
		D366D51D1E2F78870016DBBB /* MenuBarCell.swift */ = {isa = PBXFileReference; fileEncoding = 4; lastKnownFileType = sourcecode.swift; path = MenuBarCell.swift; sourceTree = "<group>"; };
		D366D51F1E2F7F180016DBBB /* BaseCell.swift */ = {isa = PBXFileReference; fileEncoding = 4; lastKnownFileType = sourcecode.swift; path = BaseCell.swift; sourceTree = "<group>"; };
		D366D52B1E365C840016DBBB /* VideoStateControllerViewController.swift */ = {isa = PBXFileReference; fileEncoding = 4; lastKnownFileType = sourcecode.swift; path = VideoStateControllerViewController.swift; sourceTree = "<group>"; };
		D366D52D1E365D620016DBBB /* Video.swift */ = {isa = PBXFileReference; fileEncoding = 4; lastKnownFileType = sourcecode.swift; path = Video.swift; sourceTree = "<group>"; };
/* End PBXFileReference section */

/* Begin PBXFrameworksBuildPhase section */
		D366D4FB1E2CD7670016DBBB /* Frameworks */ = {
			isa = PBXFrameworksBuildPhase;
			buildActionMask = 2147483647;
			files = (
			);
			runOnlyForDeploymentPostprocessing = 0;
		};
/* End PBXFrameworksBuildPhase section */

/* Begin PBXGroup section */
		D366D4F51E2CD7660016DBBB = {
			isa = PBXGroup;
			children = (
				D366D5001E2CD7670016DBBB /* Youtube */,
				D366D4FF1E2CD7670016DBBB /* Products */,
			);
			sourceTree = "<group>";
		};
		D366D4FF1E2CD7670016DBBB /* Products */ = {
			isa = PBXGroup;
			children = (
				D366D4FE1E2CD7670016DBBB /* Youtube.app */,
			);
			name = Products;
			sourceTree = "<group>";
		};
		D366D5001E2CD7670016DBBB /* Youtube */ = {
			isa = PBXGroup;
			children = (
				D366D5051E2CD7670016DBBB /* Main.storyboard */,
				D366D5011E2CD7670016DBBB /* AppDelegate.swift */,
				D366D5181E2E75900016DBBB /* Helper */,
				D366D52F1E365D790016DBBB /* Model */,
				D366D5191E2E759D0016DBBB /* Controller */,
				D366D5171E2E75840016DBBB /* View */,
				D366D51A1E2E75AC0016DBBB /* Supporting Files */,
			);
			path = Youtube;
			sourceTree = "<group>";
		};
		D366D5171E2E75840016DBBB /* View */ = {
			isa = PBXGroup;
			children = (
				D366D5151E2E75760016DBBB /* VideoCell.swift */,
				D366D51B1E2F6D510016DBBB /* MenuBar.swift */,
				D366D51F1E2F7F180016DBBB /* BaseCell.swift */,
				D366D51D1E2F78870016DBBB /* MenuBarCell.swift */,
			);
			name = View;
			sourceTree = "<group>";
		};
		D366D5181E2E75900016DBBB /* Helper */ = {
			isa = PBXGroup;
			children = (
				D366D5131E2E68C60016DBBB /* Utility.swift */,
			);
			name = Helper;
			sourceTree = "<group>";
		};
		D366D5191E2E759D0016DBBB /* Controller */ = {
			isa = PBXGroup;
			children = (
				D366D5031E2CD7670016DBBB /* HomeViewController.swift */,
				D366D52B1E365C840016DBBB /* VideoStateControllerViewController.swift */,
			);
			name = Controller;
			sourceTree = "<group>";
		};
		D366D51A1E2E75AC0016DBBB /* Supporting Files */ = {
			isa = PBXGroup;
			children = (
				D366D5081E2CD7670016DBBB /* Assets.xcassets */,
				D366D50A1E2CD7670016DBBB /* LaunchScreen.storyboard */,
				D366D50D1E2CD7670016DBBB /* Info.plist */,
			);
			name = "Supporting Files";
			sourceTree = "<group>";
		};
		D366D52F1E365D790016DBBB /* Model */ = {
			isa = PBXGroup;
			children = (
				D366D52D1E365D620016DBBB /* Video.swift */,
			);
			name = Model;
			sourceTree = "<group>";
		};
/* End PBXGroup section */

/* Begin PBXNativeTarget section */
		D366D4FD1E2CD7670016DBBB /* Youtube */ = {
			isa = PBXNativeTarget;
			buildConfigurationList = D366D5101E2CD7670016DBBB /* Build configuration list for PBXNativeTarget "Youtube" */;
			buildPhases = (
				D366D4FA1E2CD7670016DBBB /* Sources */,
				D366D4FB1E2CD7670016DBBB /* Frameworks */,
				D366D4FC1E2CD7670016DBBB /* Resources */,
			);
			buildRules = (
			);
			dependencies = (
			);
			name = Youtube;
			productName = Youtube;
			productReference = D366D4FE1E2CD7670016DBBB /* Youtube.app */;
			productType = "com.apple.product-type.application";
		};
/* End PBXNativeTarget section */

/* Begin PBXProject section */
		D366D4F61E2CD7660016DBBB /* Project object */ = {
			isa = PBXProject;
			attributes = {
				LastSwiftUpdateCheck = 0820;
				LastUpgradeCheck = 0820;
				ORGANIZATIONNAME = "Child Woman";
				TargetAttributes = {
					D366D4FD1E2CD7670016DBBB = {
						CreatedOnToolsVersion = 8.2.1;
						DevelopmentTeam = MNHQDYM469;
						ProvisioningStyle = Automatic;
					};
				};
			};
			buildConfigurationList = D366D4F91E2CD7660016DBBB /* Build configuration list for PBXProject "Youtube" */;
			compatibilityVersion = "Xcode 3.2";
			developmentRegion = English;
			hasScannedForEncodings = 0;
			knownRegions = (
				en,
				Base,
			);
			mainGroup = D366D4F51E2CD7660016DBBB;
			productRefGroup = D366D4FF1E2CD7670016DBBB /* Products */;
			projectDirPath = "";
			projectRoot = "";
			targets = (
				D366D4FD1E2CD7670016DBBB /* Youtube */,
			);
		};
/* End PBXProject section */

/* Begin PBXResourcesBuildPhase section */
		D366D4FC1E2CD7670016DBBB /* Resources */ = {
			isa = PBXResourcesBuildPhase;
			buildActionMask = 2147483647;
			files = (
				D366D50C1E2CD7670016DBBB /* LaunchScreen.storyboard in Resources */,
				D366D5091E2CD7670016DBBB /* Assets.xcassets in Resources */,
				D366D5071E2CD7670016DBBB /* Main.storyboard in Resources */,
			);
			runOnlyForDeploymentPostprocessing = 0;
		};
/* End PBXResourcesBuildPhase section */

/* Begin PBXSourcesBuildPhase section */
		D366D4FA1E2CD7670016DBBB /* Sources */ = {
			isa = PBXSourcesBuildPhase;
			buildActionMask = 2147483647;
			files = (
				D366D5041E2CD7670016DBBB /* HomeViewController.swift in Sources */,
				D366D5161E2E75760016DBBB /* VideoCell.swift in Sources */,
				D366D51E1E2F78870016DBBB /* MenuBarCell.swift in Sources */,
				D366D5021E2CD7670016DBBB /* AppDelegate.swift in Sources */,
				D366D52E1E365D620016DBBB /* Video.swift in Sources */,
				D366D5201E2F7F180016DBBB /* BaseCell.swift in Sources */,
				D366D5141E2E68C60016DBBB /* Utility.swift in Sources */,
				D366D52C1E365C840016DBBB /* VideoStateControllerViewController.swift in Sources */,
				D366D51C1E2F6D520016DBBB /* MenuBar.swift in Sources */,
			);
			runOnlyForDeploymentPostprocessing = 0;
		};
/* End PBXSourcesBuildPhase section */

/* Begin PBXVariantGroup section */
		D366D5051E2CD7670016DBBB /* Main.storyboard */ = {
			isa = PBXVariantGroup;
			children = (
				D366D5061E2CD7670016DBBB /* Base */,
			);
			name = Main.storyboard;
			sourceTree = "<group>";
		};
		D366D50A1E2CD7670016DBBB /* LaunchScreen.storyboard */ = {
			isa = PBXVariantGroup;
			children = (
				D366D50B1E2CD7670016DBBB /* Base */,
			);
			name = LaunchScreen.storyboard;
			sourceTree = "<group>";
		};
/* End PBXVariantGroup section */

/* Begin XCBuildConfiguration section */
		D366D50E1E2CD7670016DBBB /* Debug */ = {
			isa = XCBuildConfiguration;
			buildSettings = {
				ALWAYS_SEARCH_USER_PATHS = NO;
				CLANG_ANALYZER_NONNULL = YES;
				CLANG_CXX_LANGUAGE_STANDARD = "gnu++0x";
				CLANG_CXX_LIBRARY = "libc++";
				CLANG_ENABLE_MODULES = YES;
				CLANG_ENABLE_OBJC_ARC = YES;
				CLANG_WARN_BOOL_CONVERSION = YES;
				CLANG_WARN_CONSTANT_CONVERSION = YES;
				CLANG_WARN_DIRECT_OBJC_ISA_USAGE = YES_ERROR;
				CLANG_WARN_DOCUMENTATION_COMMENTS = YES;
				CLANG_WARN_EMPTY_BODY = YES;
				CLANG_WARN_ENUM_CONVERSION = YES;
				CLANG_WARN_INFINITE_RECURSION = YES;
				CLANG_WARN_INT_CONVERSION = YES;
				CLANG_WARN_OBJC_ROOT_CLASS = YES_ERROR;
				CLANG_WARN_SUSPICIOUS_MOVE = YES;
				CLANG_WARN_UNREACHABLE_CODE = YES;
				CLANG_WARN__DUPLICATE_METHOD_MATCH = YES;
				"CODE_SIGN_IDENTITY[sdk=iphoneos*]" = "iPhone Developer";
				COPY_PHASE_STRIP = NO;
				DEBUG_INFORMATION_FORMAT = dwarf;
				ENABLE_STRICT_OBJC_MSGSEND = YES;
				ENABLE_TESTABILITY = YES;
				GCC_C_LANGUAGE_STANDARD = gnu99;
				GCC_DYNAMIC_NO_PIC = NO;
				GCC_NO_COMMON_BLOCKS = YES;
				GCC_OPTIMIZATION_LEVEL = 0;
				GCC_PREPROCESSOR_DEFINITIONS = (
					"DEBUG=1",
					"$(inherited)",
				);
				GCC_WARN_64_TO_32_BIT_CONVERSION = YES;
				GCC_WARN_ABOUT_RETURN_TYPE = YES_ERROR;
				GCC_WARN_UNDECLARED_SELECTOR = YES;
				GCC_WARN_UNINITIALIZED_AUTOS = YES_AGGRESSIVE;
				GCC_WARN_UNUSED_FUNCTION = YES;
				GCC_WARN_UNUSED_VARIABLE = YES;
				IPHONEOS_DEPLOYMENT_TARGET = 10.2;
				MTL_ENABLE_DEBUG_INFO = YES;
				ONLY_ACTIVE_ARCH = YES;
				SDKROOT = iphoneos;
				SWIFT_ACTIVE_COMPILATION_CONDITIONS = DEBUG;
				SWIFT_OPTIMIZATION_LEVEL = "-Onone";
				TARGETED_DEVICE_FAMILY = "1,2";
			};
			name = Debug;
		};
		D366D50F1E2CD7670016DBBB /* Release */ = {
			isa = XCBuildConfiguration;
			buildSettings = {
				ALWAYS_SEARCH_USER_PATHS = NO;
				CLANG_ANALYZER_NONNULL = YES;
				CLANG_CXX_LANGUAGE_STANDARD = "gnu++0x";
				CLANG_CXX_LIBRARY = "libc++";
				CLANG_ENABLE_MODULES = YES;
				CLANG_ENABLE_OBJC_ARC = YES;
				CLANG_WARN_BOOL_CONVERSION = YES;
				CLANG_WARN_CONSTANT_CONVERSION = YES;
				CLANG_WARN_DIRECT_OBJC_ISA_USAGE = YES_ERROR;
				CLANG_WARN_DOCUMENTATION_COMMENTS = YES;
				CLANG_WARN_EMPTY_BODY = YES;
				CLANG_WARN_ENUM_CONVERSION = YES;
				CLANG_WARN_INFINITE_RECURSION = YES;
				CLANG_WARN_INT_CONVERSION = YES;
				CLANG_WARN_OBJC_ROOT_CLASS = YES_ERROR;
				CLANG_WARN_SUSPICIOUS_MOVE = YES;
				CLANG_WARN_UNREACHABLE_CODE = YES;
				CLANG_WARN__DUPLICATE_METHOD_MATCH = YES;
				"CODE_SIGN_IDENTITY[sdk=iphoneos*]" = "iPhone Developer";
				COPY_PHASE_STRIP = NO;
				DEBUG_INFORMATION_FORMAT = "dwarf-with-dsym";
				ENABLE_NS_ASSERTIONS = NO;
				ENABLE_STRICT_OBJC_MSGSEND = YES;
				GCC_C_LANGUAGE_STANDARD = gnu99;
				GCC_NO_COMMON_BLOCKS = YES;
				GCC_WARN_64_TO_32_BIT_CONVERSION = YES;
				GCC_WARN_ABOUT_RETURN_TYPE = YES_ERROR;
				GCC_WARN_UNDECLARED_SELECTOR = YES;
				GCC_WARN_UNINITIALIZED_AUTOS = YES_AGGRESSIVE;
				GCC_WARN_UNUSED_FUNCTION = YES;
				GCC_WARN_UNUSED_VARIABLE = YES;
				IPHONEOS_DEPLOYMENT_TARGET = 10.2;
				MTL_ENABLE_DEBUG_INFO = NO;
				SDKROOT = iphoneos;
				SWIFT_OPTIMIZATION_LEVEL = "-Owholemodule";
				TARGETED_DEVICE_FAMILY = "1,2";
				VALIDATE_PRODUCT = YES;
			};
			name = Release;
		};
		D366D5111E2CD7670016DBBB /* Debug */ = {
			isa = XCBuildConfiguration;
			buildSettings = {
				ASSETCATALOG_COMPILER_APPICON_NAME = AppIcon;
				DEVELOPMENT_TEAM = MNHQDYM469;
				INFOPLIST_FILE = Youtube/Info.plist;
				LD_RUNPATH_SEARCH_PATHS = "$(inherited) @executable_path/Frameworks";
				PRODUCT_BUNDLE_IDENTIFIER = lolitachuang.Youtube;
				PRODUCT_NAME = "$(TARGET_NAME)";
				SWIFT_VERSION = 3.0;
			};
			name = Debug;
		};
		D366D5121E2CD7670016DBBB /* Release */ = {
			isa = XCBuildConfiguration;
			buildSettings = {
				ASSETCATALOG_COMPILER_APPICON_NAME = AppIcon;
				DEVELOPMENT_TEAM = MNHQDYM469;
				INFOPLIST_FILE = Youtube/Info.plist;
				LD_RUNPATH_SEARCH_PATHS = "$(inherited) @executable_path/Frameworks";
				PRODUCT_BUNDLE_IDENTIFIER = lolitachuang.Youtube;
				PRODUCT_NAME = "$(TARGET_NAME)";
				SWIFT_VERSION = 3.0;
			};
			name = Release;
		};
/* End XCBuildConfiguration section */

/* Begin XCConfigurationList section */
		D366D4F91E2CD7660016DBBB /* Build configuration list for PBXProject "Youtube" */ = {
			isa = XCConfigurationList;
			buildConfigurations = (
				D366D50E1E2CD7670016DBBB /* Debug */,
				D366D50F1E2CD7670016DBBB /* Release */,
			);
			defaultConfigurationIsVisible = 0;
			defaultConfigurationName = Release;
		};
		D366D5101E2CD7670016DBBB /* Build configuration list for PBXNativeTarget "Youtube" */ = {
			isa = XCConfigurationList;
			buildConfigurations = (
				D366D5111E2CD7670016DBBB /* Debug */,
				D366D5121E2CD7670016DBBB /* Release */,
			);
			defaultConfigurationIsVisible = 0;
			defaultConfigurationName = Release;
		};
/* End XCConfigurationList section */
	};
	rootObject = D366D4F61E2CD7660016DBBB /* Project object */;
}
